// !$*UTF8*$!
{
	archiveVersion = 1;
	classes = {
	};
	objectVersion = 56;
	objects = {

/* Begin PBXBuildFile section */
		490FBFBE2967F87200716238 /* FructusApp.swift in Sources */ = {isa = PBXBuildFile; fileRef = 490FBFBD2967F87200716238 /* FructusApp.swift */; };
		490FBFC02967F87200716238 /* ContentView.swift in Sources */ = {isa = PBXBuildFile; fileRef = 490FBFBF2967F87200716238 /* ContentView.swift */; };
		490FBFC22967F87300716238 /* Assets.xcassets in Resources */ = {isa = PBXBuildFile; fileRef = 490FBFC12967F87300716238 /* Assets.xcassets */; };
		490FBFC52967F87300716238 /* Preview Assets.xcassets in Resources */ = {isa = PBXBuildFile; fileRef = 490FBFC42967F87300716238 /* Preview Assets.xcassets */; };
		490FBFCF2967FD4300716238 /* FruitCardView.swift in Sources */ = {isa = PBXBuildFile; fileRef = 490FBFCE2967FD4300716238 /* FruitCardView.swift */; };
		490FBFD12968007300716238 /* StartButtonView.swift in Sources */ = {isa = PBXBuildFile; fileRef = 490FBFD02968007300716238 /* StartButtonView.swift */; };
		490FBFD3296802FA00716238 /* OnboardingView.swift in Sources */ = {isa = PBXBuildFile; fileRef = 490FBFD2296802FA00716238 /* OnboardingView.swift */; };
		49714957296909AB00F12FE6 /* FruitModel.swift in Sources */ = {isa = PBXBuildFile; fileRef = 49714956296909AB00F12FE6 /* FruitModel.swift */; };
		4971495A29690B3500F12FE6 /* FruitData.swift in Sources */ = {isa = PBXBuildFile; fileRef = 4971495929690B3500F12FE6 /* FruitData.swift */; };
		4971495C296A79C000F12FE6 /* FruitRowView.swift in Sources */ = {isa = PBXBuildFile; fileRef = 4971495B296A79C000F12FE6 /* FruitRowView.swift */; };
		4971495E296BC5CD00F12FE6 /* FruitDetailView.swift in Sources */ = {isa = PBXBuildFile; fileRef = 4971495D296BC5CD00F12FE6 /* FruitDetailView.swift */; };
		49714960296BC8CA00F12FE6 /* FruitHeaderView.swift in Sources */ = {isa = PBXBuildFile; fileRef = 4971495F296BC8CA00F12FE6 /* FruitHeaderView.swift */; };
		49714962296BCB0B00F12FE6 /* SourceLinkView.swift in Sources */ = {isa = PBXBuildFile; fileRef = 49714961296BCB0B00F12FE6 /* SourceLinkView.swift */; };
		49714964296BCFE000F12FE6 /* FruitNutrientsView.swift in Sources */ = {isa = PBXBuildFile; fileRef = 49714963296BCFE000F12FE6 /* FruitNutrientsView.swift */; };
		49714966296BD73A00F12FE6 /* SettingsView.swift in Sources */ = {isa = PBXBuildFile; fileRef = 49714965296BD73A00F12FE6 /* SettingsView.swift */; };
		49714968296BDD1000F12FE6 /* SettingsLabelView.swift in Sources */ = {isa = PBXBuildFile; fileRef = 49714967296BDD1000F12FE6 /* SettingsLabelView.swift */; };
/* End PBXBuildFile section */

/* Begin PBXFileReference section */
		490FBFBA2967F87200716238 /* Fructus.app */ = {isa = PBXFileReference; explicitFileType = wrapper.application; includeInIndex = 0; path = Fructus.app; sourceTree = BUILT_PRODUCTS_DIR; };
		490FBFBD2967F87200716238 /* FructusApp.swift */ = {isa = PBXFileReference; lastKnownFileType = sourcecode.swift; path = FructusApp.swift; sourceTree = "<group>"; };
		490FBFBF2967F87200716238 /* ContentView.swift */ = {isa = PBXFileReference; lastKnownFileType = sourcecode.swift; path = ContentView.swift; sourceTree = "<group>"; };
		490FBFC12967F87300716238 /* Assets.xcassets */ = {isa = PBXFileReference; lastKnownFileType = folder.assetcatalog; path = Assets.xcassets; sourceTree = "<group>"; };
		490FBFC42967F87300716238 /* Preview Assets.xcassets */ = {isa = PBXFileReference; lastKnownFileType = folder.assetcatalog; path = "Preview Assets.xcassets"; sourceTree = "<group>"; };
		490FBFCE2967FD4300716238 /* FruitCardView.swift */ = {isa = PBXFileReference; lastKnownFileType = sourcecode.swift; path = FruitCardView.swift; sourceTree = "<group>"; };
		490FBFD02968007300716238 /* StartButtonView.swift */ = {isa = PBXFileReference; lastKnownFileType = sourcecode.swift; path = StartButtonView.swift; sourceTree = "<group>"; };
		490FBFD2296802FA00716238 /* OnboardingView.swift */ = {isa = PBXFileReference; lastKnownFileType = sourcecode.swift; path = OnboardingView.swift; sourceTree = "<group>"; };
		49714956296909AB00F12FE6 /* FruitModel.swift */ = {isa = PBXFileReference; lastKnownFileType = sourcecode.swift; path = FruitModel.swift; sourceTree = "<group>"; };
		4971495929690B3500F12FE6 /* FruitData.swift */ = {isa = PBXFileReference; lastKnownFileType = sourcecode.swift; path = FruitData.swift; sourceTree = "<group>"; };
		4971495B296A79C000F12FE6 /* FruitRowView.swift */ = {isa = PBXFileReference; lastKnownFileType = sourcecode.swift; path = FruitRowView.swift; sourceTree = "<group>"; };
		4971495D296BC5CD00F12FE6 /* FruitDetailView.swift */ = {isa = PBXFileReference; lastKnownFileType = sourcecode.swift; path = FruitDetailView.swift; sourceTree = "<group>"; };
		4971495F296BC8CA00F12FE6 /* FruitHeaderView.swift */ = {isa = PBXFileReference; lastKnownFileType = sourcecode.swift; path = FruitHeaderView.swift; sourceTree = "<group>"; };
		49714961296BCB0B00F12FE6 /* SourceLinkView.swift */ = {isa = PBXFileReference; lastKnownFileType = sourcecode.swift; path = SourceLinkView.swift; sourceTree = "<group>"; };
		49714963296BCFE000F12FE6 /* FruitNutrientsView.swift */ = {isa = PBXFileReference; lastKnownFileType = sourcecode.swift; path = FruitNutrientsView.swift; sourceTree = "<group>"; };
		49714965296BD73A00F12FE6 /* SettingsView.swift */ = {isa = PBXFileReference; lastKnownFileType = sourcecode.swift; path = SettingsView.swift; sourceTree = "<group>"; };
		49714967296BDD1000F12FE6 /* SettingsLabelView.swift */ = {isa = PBXFileReference; lastKnownFileType = sourcecode.swift; path = SettingsLabelView.swift; sourceTree = "<group>"; };
/* End PBXFileReference section */

/* Begin PBXFrameworksBuildPhase section */
		490FBFB72967F87200716238 /* Frameworks */ = {
			isa = PBXFrameworksBuildPhase;
			buildActionMask = 2147483647;
			files = (
			);
			runOnlyForDeploymentPostprocessing = 0;
		};
/* End PBXFrameworksBuildPhase section */

/* Begin PBXGroup section */
		490FBFB12967F87200716238 = {
			isa = PBXGroup;
			children = (
				490FBFBC2967F87200716238 /* Fructus */,
				490FBFBB2967F87200716238 /* Products */,
			);
			sourceTree = "<group>";
		};
		490FBFBB2967F87200716238 /* Products */ = {
			isa = PBXGroup;
			children = (
				490FBFBA2967F87200716238 /* Fructus.app */,
			);
			name = Products;
			sourceTree = "<group>";
		};
		490FBFBC2967F87200716238 /* Fructus */ = {
			isa = PBXGroup;
			children = (
				490FBFCB2967FCAD00716238 /* App */,
				4971495829690B2100F12FE6 /* Data */,
				490FBFCD2967FD1D00716238 /* Model */,
				490FBFCC2967FD1600716238 /* View */,
				490FBFC12967F87300716238 /* Assets.xcassets */,
				490FBFC32967F87300716238 /* Preview Content */,
			);
			path = Fructus;
			sourceTree = "<group>";
		};
		490FBFC32967F87300716238 /* Preview Content */ = {
			isa = PBXGroup;
			children = (
				490FBFC42967F87300716238 /* Preview Assets.xcassets */,
			);
			path = "Preview Content";
			sourceTree = "<group>";
		};
		490FBFCB2967FCAD00716238 /* App */ = {
			isa = PBXGroup;
			children = (
				490FBFBD2967F87200716238 /* FructusApp.swift */,
				490FBFBF2967F87200716238 /* ContentView.swift */,
				490FBFD2296802FA00716238 /* OnboardingView.swift */,
				4971495D296BC5CD00F12FE6 /* FruitDetailView.swift */,
				49714965296BD73A00F12FE6 /* SettingsView.swift */,
			);
			path = App;
			sourceTree = "<group>";
		};
		490FBFCC2967FD1600716238 /* View */ = {
			isa = PBXGroup;
			children = (
				490FBFCE2967FD4300716238 /* FruitCardView.swift */,
				490FBFD02968007300716238 /* StartButtonView.swift */,
				4971495B296A79C000F12FE6 /* FruitRowView.swift */,
				4971495F296BC8CA00F12FE6 /* FruitHeaderView.swift */,
				49714961296BCB0B00F12FE6 /* SourceLinkView.swift */,
				49714963296BCFE000F12FE6 /* FruitNutrientsView.swift */,
				49714967296BDD1000F12FE6 /* SettingsLabelView.swift */,
			);
			path = View;
			sourceTree = "<group>";
		};
		490FBFCD2967FD1D00716238 /* Model */ = {
			isa = PBXGroup;
			children = (
				49714956296909AB00F12FE6 /* FruitModel.swift */,
			);
			path = Model;
			sourceTree = "<group>";
		};
		4971495829690B2100F12FE6 /* Data */ = {
			isa = PBXGroup;
			children = (
				4971495929690B3500F12FE6 /* FruitData.swift */,
			);
			path = Data;
			sourceTree = "<group>";
		};
/* End PBXGroup section */

/* Begin PBXNativeTarget section */
		490FBFB92967F87200716238 /* Fructus */ = {
			isa = PBXNativeTarget;
			buildConfigurationList = 490FBFC82967F87300716238 /* Build configuration list for PBXNativeTarget "Fructus" */;
			buildPhases = (
				490FBFB62967F87200716238 /* Sources */,
				490FBFB72967F87200716238 /* Frameworks */,
				490FBFB82967F87200716238 /* Resources */,
			);
			buildRules = (
			);
			dependencies = (
			);
			name = Fructus;
			productName = Fructus;
			productReference = 490FBFBA2967F87200716238 /* Fructus.app */;
			productType = "com.apple.product-type.application";
		};
/* End PBXNativeTarget section */

/* Begin PBXProject section */
		490FBFB22967F87200716238 /* Project object */ = {
			isa = PBXProject;
			attributes = {
				BuildIndependentTargetsInParallel = 1;
				LastSwiftUpdateCheck = 1420;
				LastUpgradeCheck = 1420;
				TargetAttributes = {
					490FBFB92967F87200716238 = {
						CreatedOnToolsVersion = 14.2;
					};
				};
			};
			buildConfigurationList = 490FBFB52967F87200716238 /* Build configuration list for PBXProject "Fructus" */;
			compatibilityVersion = "Xcode 14.0";
			developmentRegion = en;
			hasScannedForEncodings = 0;
			knownRegions = (
				en,
				Base,
			);
			mainGroup = 490FBFB12967F87200716238;
			productRefGroup = 490FBFBB2967F87200716238 /* Products */;
			projectDirPath = "";
			projectRoot = "";
			targets = (
				490FBFB92967F87200716238 /* Fructus */,
			);
		};
/* End PBXProject section */

/* Begin PBXResourcesBuildPhase section */
		490FBFB82967F87200716238 /* Resources */ = {
			isa = PBXResourcesBuildPhase;
			buildActionMask = 2147483647;
			files = (
				490FBFC52967F87300716238 /* Preview Assets.xcassets in Resources */,
				490FBFC22967F87300716238 /* Assets.xcassets in Resources */,
			);
			runOnlyForDeploymentPostprocessing = 0;
		};
/* End PBXResourcesBuildPhase section */

/* Begin PBXSourcesBuildPhase section */
		490FBFB62967F87200716238 /* Sources */ = {
			isa = PBXSourcesBuildPhase;
			buildActionMask = 2147483647;
			files = (
				4971495A29690B3500F12FE6 /* FruitData.swift in Sources */,
				49714962296BCB0B00F12FE6 /* SourceLinkView.swift in Sources */,
				490FBFCF2967FD4300716238 /* FruitCardView.swift in Sources */,
				4971495C296A79C000F12FE6 /* FruitRowView.swift in Sources */,
				49714964296BCFE000F12FE6 /* FruitNutrientsView.swift in Sources */,
				490FBFD12968007300716238 /* StartButtonView.swift in Sources */,
				4971495E296BC5CD00F12FE6 /* FruitDetailView.swift in Sources */,
				490FBFC02967F87200716238 /* ContentView.swift in Sources */,
				49714960296BC8CA00F12FE6 /* FruitHeaderView.swift in Sources */,
				490FBFD3296802FA00716238 /* OnboardingView.swift in Sources */,
				49714968296BDD1000F12FE6 /* SettingsLabelView.swift in Sources */,
				49714957296909AB00F12FE6 /* FruitModel.swift in Sources */,
				490FBFBE2967F87200716238 /* FructusApp.swift in Sources */,
				49714966296BD73A00F12FE6 /* SettingsView.swift in Sources */,
			);
			runOnlyForDeploymentPostprocessing = 0;
		};
/* End PBXSourcesBuildPhase section */

/* Begin XCBuildConfiguration section */
		490FBFC62967F87300716238 /* Debug */ = {
			isa = XCBuildConfiguration;
			buildSettings = {
				ALWAYS_SEARCH_USER_PATHS = NO;
				CLANG_ANALYZER_NONNULL = YES;
				CLANG_ANALYZER_NUMBER_OBJECT_CONVERSION = YES_AGGRESSIVE;
				CLANG_CXX_LANGUAGE_STANDARD = "gnu++20";
				CLANG_ENABLE_MODULES = YES;
				CLANG_ENABLE_OBJC_ARC = YES;
				CLANG_ENABLE_OBJC_WEAK = YES;
				CLANG_WARN_BLOCK_CAPTURE_AUTORELEASING = YES;
				CLANG_WARN_BOOL_CONVERSION = YES;
				CLANG_WARN_COMMA = YES;
				CLANG_WARN_CONSTANT_CONVERSION = YES;
				CLANG_WARN_DEPRECATED_OBJC_IMPLEMENTATIONS = YES;
				CLANG_WARN_DIRECT_OBJC_ISA_USAGE = YES_ERROR;
				CLANG_WARN_DOCUMENTATION_COMMENTS = YES;
				CLANG_WARN_EMPTY_BODY = YES;
				CLANG_WARN_ENUM_CONVERSION = YES;
				CLANG_WARN_INFINITE_RECURSION = YES;
				CLANG_WARN_INT_CONVERSION = YES;
				CLANG_WARN_NON_LITERAL_NULL_CONVERSION = YES;
				CLANG_WARN_OBJC_IMPLICIT_RETAIN_SELF = YES;
				CLANG_WARN_OBJC_LITERAL_CONVERSION = YES;
				CLANG_WARN_OBJC_ROOT_CLASS = YES_ERROR;
				CLANG_WARN_QUOTED_INCLUDE_IN_FRAMEWORK_HEADER = YES;
				CLANG_WARN_RANGE_LOOP_ANALYSIS = YES;
				CLANG_WARN_STRICT_PROTOTYPES = YES;
				CLANG_WARN_SUSPICIOUS_MOVE = YES;
				CLANG_WARN_UNGUARDED_AVAILABILITY = YES_AGGRESSIVE;
				CLANG_WARN_UNREACHABLE_CODE = YES;
				CLANG_WARN__DUPLICATE_METHOD_MATCH = YES;
				COPY_PHASE_STRIP = NO;
				DEBUG_INFORMATION_FORMAT = dwarf;
				ENABLE_STRICT_OBJC_MSGSEND = YES;
				ENABLE_TESTABILITY = YES;
				GCC_C_LANGUAGE_STANDARD = gnu11;
				GCC_DYNAMIC_NO_PIC = NO;
				GCC_NO_COMMON_BLOCKS = YES;
				GCC_OPTIMIZATION_LEVEL = 0;
				GCC_PREPROCESSOR_DEFINITIONS = (
					"DEBUG=1",
					"$(inherited)",
				);
				GCC_WARN_64_TO_32_BIT_CONVERSION = YES;
				GCC_WARN_ABOUT_RETURN_TYPE = YES_ERROR;
				GCC_WARN_UNDECLARED_SELECTOR = YES;
				GCC_WARN_UNINITIALIZED_AUTOS = YES_AGGRESSIVE;
				GCC_WARN_UNUSED_FUNCTION = YES;
				GCC_WARN_UNUSED_VARIABLE = YES;
				IPHONEOS_DEPLOYMENT_TARGET = 16.2;
				MTL_ENABLE_DEBUG_INFO = INCLUDE_SOURCE;
				MTL_FAST_MATH = YES;
				ONLY_ACTIVE_ARCH = YES;
				SDKROOT = iphoneos;
				SWIFT_ACTIVE_COMPILATION_CONDITIONS = DEBUG;
				SWIFT_OPTIMIZATION_LEVEL = "-Onone";
			};
			name = Debug;
		};
		490FBFC72967F87300716238 /* Release */ = {
			isa = XCBuildConfiguration;
			buildSettings = {
				ALWAYS_SEARCH_USER_PATHS = NO;
				CLANG_ANALYZER_NONNULL = YES;
				CLANG_ANALYZER_NUMBER_OBJECT_CONVERSION = YES_AGGRESSIVE;
				CLANG_CXX_LANGUAGE_STANDARD = "gnu++20";
				CLANG_ENABLE_MODULES = YES;
				CLANG_ENABLE_OBJC_ARC = YES;
				CLANG_ENABLE_OBJC_WEAK = YES;
				CLANG_WARN_BLOCK_CAPTURE_AUTORELEASING = YES;
				CLANG_WARN_BOOL_CONVERSION = YES;
				CLANG_WARN_COMMA = YES;
				CLANG_WARN_CONSTANT_CONVERSION = YES;
				CLANG_WARN_DEPRECATED_OBJC_IMPLEMENTATIONS = YES;
				CLANG_WARN_DIRECT_OBJC_ISA_USAGE = YES_ERROR;
				CLANG_WARN_DOCUMENTATION_COMMENTS = YES;
				CLANG_WARN_EMPTY_BODY = YES;
				CLANG_WARN_ENUM_CONVERSION = YES;
				CLANG_WARN_INFINITE_RECURSION = YES;
				CLANG_WARN_INT_CONVERSION = YES;
				CLANG_WARN_NON_LITERAL_NULL_CONVERSION = YES;
				CLANG_WARN_OBJC_IMPLICIT_RETAIN_SELF = YES;
				CLANG_WARN_OBJC_LITERAL_CONVERSION = YES;
				CLANG_WARN_OBJC_ROOT_CLASS = YES_ERROR;
				CLANG_WARN_QUOTED_INCLUDE_IN_FRAMEWORK_HEADER = YES;
				CLANG_WARN_RANGE_LOOP_ANALYSIS = YES;
				CLANG_WARN_STRICT_PROTOTYPES = YES;
				CLANG_WARN_SUSPICIOUS_MOVE = YES;
				CLANG_WARN_UNGUARDED_AVAILABILITY = YES_AGGRESSIVE;
				CLANG_WARN_UNREACHABLE_CODE = YES;
				CLANG_WARN__DUPLICATE_METHOD_MATCH = YES;
				COPY_PHASE_STRIP = NO;
				DEBUG_INFORMATION_FORMAT = "dwarf-with-dsym";
				ENABLE_NS_ASSERTIONS = NO;
				ENABLE_STRICT_OBJC_MSGSEND = YES;
				GCC_C_LANGUAGE_STANDARD = gnu11;
				GCC_NO_COMMON_BLOCKS = YES;
				GCC_WARN_64_TO_32_BIT_CONVERSION = YES;
				GCC_WARN_ABOUT_RETURN_TYPE = YES_ERROR;
				GCC_WARN_UNDECLARED_SELECTOR = YES;
				GCC_WARN_UNINITIALIZED_AUTOS = YES_AGGRESSIVE;
				GCC_WARN_UNUSED_FUNCTION = YES;
				GCC_WARN_UNUSED_VARIABLE = YES;
				IPHONEOS_DEPLOYMENT_TARGET = 16.2;
				MTL_ENABLE_DEBUG_INFO = NO;
				MTL_FAST_MATH = YES;
				SDKROOT = iphoneos;
				SWIFT_COMPILATION_MODE = wholemodule;
				SWIFT_OPTIMIZATION_LEVEL = "-O";
				VALIDATE_PRODUCT = YES;
			};
			name = Release;
		};
		490FBFC92967F87300716238 /* Debug */ = {
			isa = XCBuildConfiguration;
			buildSettings = {
				ASSETCATALOG_COMPILER_APPICON_NAME = AppIcon;
				ASSETCATALOG_COMPILER_GLOBAL_ACCENT_COLOR_NAME = AccentColor;
				CODE_SIGN_STYLE = Automatic;
				CURRENT_PROJECT_VERSION = 1;
				DEVELOPMENT_ASSET_PATHS = "\"Fructus/Preview Content\"";
				DEVELOPMENT_TEAM = X726R6A26M;
				ENABLE_PREVIEWS = YES;
				GENERATE_INFOPLIST_FILE = YES;
				INFOPLIST_KEY_UIApplicationSceneManifest_Generation = YES;
				INFOPLIST_KEY_UIApplicationSupportsIndirectInputEvents = YES;
				INFOPLIST_KEY_UILaunchScreen_Generation = YES;
				INFOPLIST_KEY_UISupportedInterfaceOrientations = UIInterfaceOrientationPortrait;
				LD_RUNPATH_SEARCH_PATHS = (
					"$(inherited)",
					"@executable_path/Frameworks",
				);
				MARKETING_VERSION = 1.0;
				PRODUCT_BUNDLE_IDENTIFIER = com.stevehong.Fructus;
				PRODUCT_NAME = "$(TARGET_NAME)";
				SWIFT_EMIT_LOC_STRINGS = YES;
				SWIFT_VERSION = 5.0;
				TARGETED_DEVICE_FAMILY = "1,2";
			};
			name = Debug;
		};
		490FBFCA2967F87300716238 /* Release */ = {
			isa = XCBuildConfiguration;
			buildSettings = {
				ASSETCATALOG_COMPILER_APPICON_NAME = AppIcon;
				ASSETCATALOG_COMPILER_GLOBAL_ACCENT_COLOR_NAME = AccentColor;
				CODE_SIGN_STYLE = Automatic;
				CURRENT_PROJECT_VERSION = 1;
				DEVELOPMENT_ASSET_PATHS = "\"Fructus/Preview Content\"";
				DEVELOPMENT_TEAM = X726R6A26M;
				ENABLE_PREVIEWS = YES;
				GENERATE_INFOPLIST_FILE = YES;
				INFOPLIST_KEY_UIApplicationSceneManifest_Generation = YES;
				INFOPLIST_KEY_UIApplicationSupportsIndirectInputEvents = YES;
				INFOPLIST_KEY_UILaunchScreen_Generation = YES;
				INFOPLIST_KEY_UISupportedInterfaceOrientations = UIInterfaceOrientationPortrait;
				LD_RUNPATH_SEARCH_PATHS = (
					"$(inherited)",
					"@executable_path/Frameworks",
				);
				MARKETING_VERSION = 1.0;
				PRODUCT_BUNDLE_IDENTIFIER = com.stevehong.Fructus;
				PRODUCT_NAME = "$(TARGET_NAME)";
				SWIFT_EMIT_LOC_STRINGS = YES;
				SWIFT_VERSION = 5.0;
				TARGETED_DEVICE_FAMILY = "1,2";
			};
			name = Release;
		};
/* End XCBuildConfiguration section */

/* Begin XCConfigurationList section */
		490FBFB52967F87200716238 /* Build configuration list for PBXProject "Fructus" */ = {
			isa = XCConfigurationList;
			buildConfigurations = (
				490FBFC62967F87300716238 /* Debug */,
				490FBFC72967F87300716238 /* Release */,
			);
			defaultConfigurationIsVisible = 0;
			defaultConfigurationName = Release;
		};
		490FBFC82967F87300716238 /* Build configuration list for PBXNativeTarget "Fructus" */ = {
			isa = XCConfigurationList;
			buildConfigurations = (
				490FBFC92967F87300716238 /* Debug */,
				490FBFCA2967F87300716238 /* Release */,
			);
			defaultConfigurationIsVisible = 0;
			defaultConfigurationName = Release;
		};
/* End XCConfigurationList section */
	};
	rootObject = 490FBFB22967F87200716238 /* Project object */;
}
