// !$*UTF8*$!
{
	archiveVersion = 1;
	classes = {
	};
	objectVersion = 56;
	objects = {

/* Begin PBXBuildFile section */
		493326F72A00FE44006DF2DA /* FilteredList.swift in Sources */ = {isa = PBXBuildFile; fileRef = 493326F62A00FE44006DF2DA /* FilteredList.swift */; };
		4984523F2A00F80300A9EE41 /* Candy+CoreDataClass.swift in Sources */ = {isa = PBXBuildFile; fileRef = 4984523B2A00F80300A9EE41 /* Candy+CoreDataClass.swift */; };
		498452402A00F80300A9EE41 /* Candy+CoreDataProperties.swift in Sources */ = {isa = PBXBuildFile; fileRef = 4984523C2A00F80300A9EE41 /* Candy+CoreDataProperties.swift */; };
		498452412A00F80300A9EE41 /* Country+CoreDataClass.swift in Sources */ = {isa = PBXBuildFile; fileRef = 4984523D2A00F80300A9EE41 /* Country+CoreDataClass.swift */; };
		498452422A00F80300A9EE41 /* Country+CoreDataProperties.swift in Sources */ = {isa = PBXBuildFile; fileRef = 4984523E2A00F80300A9EE41 /* Country+CoreDataProperties.swift */; };
		49FA0F0B2A00CDE70045EDFF /* CoreDataProjectApp.swift in Sources */ = {isa = PBXBuildFile; fileRef = 49FA0F0A2A00CDE70045EDFF /* CoreDataProjectApp.swift */; };
		49FA0F0D2A00CDE70045EDFF /* ContentView.swift in Sources */ = {isa = PBXBuildFile; fileRef = 49FA0F0C2A00CDE70045EDFF /* ContentView.swift */; };
		49FA0F0F2A00CDE80045EDFF /* Assets.xcassets in Resources */ = {isa = PBXBuildFile; fileRef = 49FA0F0E2A00CDE80045EDFF /* Assets.xcassets */; };
		49FA0F122A00CDE80045EDFF /* Preview Assets.xcassets in Resources */ = {isa = PBXBuildFile; fileRef = 49FA0F112A00CDE80045EDFF /* Preview Assets.xcassets */; };
		49FA0F192A00CE110045EDFF /* DataController.swift in Sources */ = {isa = PBXBuildFile; fileRef = 49FA0F182A00CE110045EDFF /* DataController.swift */; };
		49FA0F1C2A00CEAA0045EDFF /* CoreDataProject.xcdatamodeld in Sources */ = {isa = PBXBuildFile; fileRef = 49FA0F1A2A00CEAA0045EDFF /* CoreDataProject.xcdatamodeld */; };
/* End PBXBuildFile section */

/* Begin PBXFileReference section */
		493326F62A00FE44006DF2DA /* FilteredList.swift */ = {isa = PBXFileReference; lastKnownFileType = sourcecode.swift; path = FilteredList.swift; sourceTree = "<group>"; };
		4984523B2A00F80300A9EE41 /* Candy+CoreDataClass.swift */ = {isa = PBXFileReference; lastKnownFileType = sourcecode.swift; path = "Candy+CoreDataClass.swift"; sourceTree = "<group>"; };
		4984523C2A00F80300A9EE41 /* Candy+CoreDataProperties.swift */ = {isa = PBXFileReference; lastKnownFileType = sourcecode.swift; path = "Candy+CoreDataProperties.swift"; sourceTree = "<group>"; };
		4984523D2A00F80300A9EE41 /* Country+CoreDataClass.swift */ = {isa = PBXFileReference; lastKnownFileType = sourcecode.swift; path = "Country+CoreDataClass.swift"; sourceTree = "<group>"; };
		4984523E2A00F80300A9EE41 /* Country+CoreDataProperties.swift */ = {isa = PBXFileReference; lastKnownFileType = sourcecode.swift; path = "Country+CoreDataProperties.swift"; sourceTree = "<group>"; };
		49FA0F072A00CDE70045EDFF /* CoreDataProject.app */ = {isa = PBXFileReference; explicitFileType = wrapper.application; includeInIndex = 0; path = CoreDataProject.app; sourceTree = BUILT_PRODUCTS_DIR; };
		49FA0F0A2A00CDE70045EDFF /* CoreDataProjectApp.swift */ = {isa = PBXFileReference; lastKnownFileType = sourcecode.swift; path = CoreDataProjectApp.swift; sourceTree = "<group>"; };
		49FA0F0C2A00CDE70045EDFF /* ContentView.swift */ = {isa = PBXFileReference; lastKnownFileType = sourcecode.swift; path = ContentView.swift; sourceTree = "<group>"; };
		49FA0F0E2A00CDE80045EDFF /* Assets.xcassets */ = {isa = PBXFileReference; lastKnownFileType = folder.assetcatalog; path = Assets.xcassets; sourceTree = "<group>"; };
		49FA0F112A00CDE80045EDFF /* Preview Assets.xcassets */ = {isa = PBXFileReference; lastKnownFileType = folder.assetcatalog; path = "Preview Assets.xcassets"; sourceTree = "<group>"; };
		49FA0F182A00CE110045EDFF /* DataController.swift */ = {isa = PBXFileReference; fileEncoding = 4; lastKnownFileType = sourcecode.swift; name = DataController.swift; path = ../../Bookworm/Bookworm/DataController.swift; sourceTree = "<group>"; };
		49FA0F1B2A00CEAA0045EDFF /* CoreDataProject.xcdatamodel */ = {isa = PBXFileReference; lastKnownFileType = wrapper.xcdatamodel; path = CoreDataProject.xcdatamodel; sourceTree = "<group>"; };
/* End PBXFileReference section */

/* Begin PBXFrameworksBuildPhase section */
		49FA0F042A00CDE70045EDFF /* Frameworks */ = {
			isa = PBXFrameworksBuildPhase;
			buildActionMask = 2147483647;
			files = (
			);
			runOnlyForDeploymentPostprocessing = 0;
		};
/* End PBXFrameworksBuildPhase section */

/* Begin PBXGroup section */
		49FA0EFE2A00CDE70045EDFF = {
			isa = PBXGroup;
			children = (
				49FA0F092A00CDE70045EDFF /* CoreDataProject */,
				49FA0F082A00CDE70045EDFF /* Products */,
			);
			sourceTree = "<group>";
		};
		49FA0F082A00CDE70045EDFF /* Products */ = {
			isa = PBXGroup;
			children = (
				49FA0F072A00CDE70045EDFF /* CoreDataProject.app */,
			);
			name = Products;
			sourceTree = "<group>";
		};
		49FA0F092A00CDE70045EDFF /* CoreDataProject */ = {
			isa = PBXGroup;
			children = (
				4984523B2A00F80300A9EE41 /* Candy+CoreDataClass.swift */,
				4984523C2A00F80300A9EE41 /* Candy+CoreDataProperties.swift */,
				4984523D2A00F80300A9EE41 /* Country+CoreDataClass.swift */,
				4984523E2A00F80300A9EE41 /* Country+CoreDataProperties.swift */,
				49FA0F0A2A00CDE70045EDFF /* CoreDataProjectApp.swift */,
				49FA0F0C2A00CDE70045EDFF /* ContentView.swift */,
				493326F62A00FE44006DF2DA /* FilteredList.swift */,
				49FA0F182A00CE110045EDFF /* DataController.swift */,
				49FA0F1A2A00CEAA0045EDFF /* CoreDataProject.xcdatamodeld */,
				49FA0F0E2A00CDE80045EDFF /* Assets.xcassets */,
				49FA0F102A00CDE80045EDFF /* Preview Content */,
			);
			path = CoreDataProject;
			sourceTree = "<group>";
		};
		49FA0F102A00CDE80045EDFF /* Preview Content */ = {
			isa = PBXGroup;
			children = (
				49FA0F112A00CDE80045EDFF /* Preview Assets.xcassets */,
			);
			path = "Preview Content";
			sourceTree = "<group>";
		};
/* End PBXGroup section */

/* Begin PBXNativeTarget section */
		49FA0F062A00CDE70045EDFF /* CoreDataProject */ = {
			isa = PBXNativeTarget;
			buildConfigurationList = 49FA0F152A00CDE80045EDFF /* Build configuration list for PBXNativeTarget "CoreDataProject" */;
			buildPhases = (
				49FA0F032A00CDE70045EDFF /* Sources */,
				49FA0F042A00CDE70045EDFF /* Frameworks */,
				49FA0F052A00CDE70045EDFF /* Resources */,
			);
			buildRules = (
			);
			dependencies = (
			);
			name = CoreDataProject;
			productName = CoreDataProject;
			productReference = 49FA0F072A00CDE70045EDFF /* CoreDataProject.app */;
			productType = "com.apple.product-type.application";
		};
/* End PBXNativeTarget section */

/* Begin PBXProject section */
		49FA0EFF2A00CDE70045EDFF /* Project object */ = {
			isa = PBXProject;
			attributes = {
				BuildIndependentTargetsInParallel = 1;
				LastSwiftUpdateCheck = 1430;
				LastUpgradeCheck = 1430;
				TargetAttributes = {
					49FA0F062A00CDE70045EDFF = {
						CreatedOnToolsVersion = 14.3;
					};
				};
			};
			buildConfigurationList = 49FA0F022A00CDE70045EDFF /* Build configuration list for PBXProject "CoreDataProject" */;
			compatibilityVersion = "Xcode 14.0";
			developmentRegion = en;
			hasScannedForEncodings = 0;
			knownRegions = (
				en,
				Base,
			);
			mainGroup = 49FA0EFE2A00CDE70045EDFF;
			productRefGroup = 49FA0F082A00CDE70045EDFF /* Products */;
			projectDirPath = "";
			projectRoot = "";
			targets = (
				49FA0F062A00CDE70045EDFF /* CoreDataProject */,
			);
		};
/* End PBXProject section */

/* Begin PBXResourcesBuildPhase section */
		49FA0F052A00CDE70045EDFF /* Resources */ = {
			isa = PBXResourcesBuildPhase;
			buildActionMask = 2147483647;
			files = (
				49FA0F122A00CDE80045EDFF /* Preview Assets.xcassets in Resources */,
				49FA0F0F2A00CDE80045EDFF /* Assets.xcassets in Resources */,
			);
			runOnlyForDeploymentPostprocessing = 0;
		};
/* End PBXResourcesBuildPhase section */

/* Begin PBXSourcesBuildPhase section */
		49FA0F032A00CDE70045EDFF /* Sources */ = {
			isa = PBXSourcesBuildPhase;
			buildActionMask = 2147483647;
			files = (
				49FA0F0D2A00CDE70045EDFF /* ContentView.swift in Sources */,
				49FA0F192A00CE110045EDFF /* DataController.swift in Sources */,
				493326F72A00FE44006DF2DA /* FilteredList.swift in Sources */,
				49FA0F1C2A00CEAA0045EDFF /* CoreDataProject.xcdatamodeld in Sources */,
				49FA0F0B2A00CDE70045EDFF /* CoreDataProjectApp.swift in Sources */,
				498452402A00F80300A9EE41 /* Candy+CoreDataProperties.swift in Sources */,
				498452412A00F80300A9EE41 /* Country+CoreDataClass.swift in Sources */,
				4984523F2A00F80300A9EE41 /* Candy+CoreDataClass.swift in Sources */,
				498452422A00F80300A9EE41 /* Country+CoreDataProperties.swift in Sources */,
			);
			runOnlyForDeploymentPostprocessing = 0;
		};
/* End PBXSourcesBuildPhase section */

/* Begin XCBuildConfiguration section */
		49FA0F132A00CDE80045EDFF /* Debug */ = {
			isa = XCBuildConfiguration;
			buildSettings = {
				ALWAYS_SEARCH_USER_PATHS = NO;
				CLANG_ANALYZER_NONNULL = YES;
				CLANG_ANALYZER_NUMBER_OBJECT_CONVERSION = YES_AGGRESSIVE;
				CLANG_CXX_LANGUAGE_STANDARD = "gnu++20";
				CLANG_ENABLE_MODULES = YES;
				CLANG_ENABLE_OBJC_ARC = YES;
				CLANG_ENABLE_OBJC_WEAK = YES;
				CLANG_WARN_BLOCK_CAPTURE_AUTORELEASING = YES;
				CLANG_WARN_BOOL_CONVERSION = YES;
				CLANG_WARN_COMMA = YES;
				CLANG_WARN_CONSTANT_CONVERSION = YES;
				CLANG_WARN_DEPRECATED_OBJC_IMPLEMENTATIONS = YES;
				CLANG_WARN_DIRECT_OBJC_ISA_USAGE = YES_ERROR;
				CLANG_WARN_DOCUMENTATION_COMMENTS = YES;
				CLANG_WARN_EMPTY_BODY = YES;
				CLANG_WARN_ENUM_CONVERSION = YES;
				CLANG_WARN_INFINITE_RECURSION = YES;
				CLANG_WARN_INT_CONVERSION = YES;
				CLANG_WARN_NON_LITERAL_NULL_CONVERSION = YES;
				CLANG_WARN_OBJC_IMPLICIT_RETAIN_SELF = YES;
				CLANG_WARN_OBJC_LITERAL_CONVERSION = YES;
				CLANG_WARN_OBJC_ROOT_CLASS = YES_ERROR;
				CLANG_WARN_QUOTED_INCLUDE_IN_FRAMEWORK_HEADER = YES;
				CLANG_WARN_RANGE_LOOP_ANALYSIS = YES;
				CLANG_WARN_STRICT_PROTOTYPES = YES;
				CLANG_WARN_SUSPICIOUS_MOVE = YES;
				CLANG_WARN_UNGUARDED_AVAILABILITY = YES_AGGRESSIVE;
				CLANG_WARN_UNREACHABLE_CODE = YES;
				CLANG_WARN__DUPLICATE_METHOD_MATCH = YES;
				COPY_PHASE_STRIP = NO;
				DEBUG_INFORMATION_FORMAT = dwarf;
				ENABLE_STRICT_OBJC_MSGSEND = YES;
				ENABLE_TESTABILITY = YES;
				GCC_C_LANGUAGE_STANDARD = gnu11;
				GCC_DYNAMIC_NO_PIC = NO;
				GCC_NO_COMMON_BLOCKS = YES;
				GCC_OPTIMIZATION_LEVEL = 0;
				GCC_PREPROCESSOR_DEFINITIONS = (
					"DEBUG=1",
					"$(inherited)",
				);
				GCC_WARN_64_TO_32_BIT_CONVERSION = YES;
				GCC_WARN_ABOUT_RETURN_TYPE = YES_ERROR;
				GCC_WARN_UNDECLARED_SELECTOR = YES;
				GCC_WARN_UNINITIALIZED_AUTOS = YES_AGGRESSIVE;
				GCC_WARN_UNUSED_FUNCTION = YES;
				GCC_WARN_UNUSED_VARIABLE = YES;
				IPHONEOS_DEPLOYMENT_TARGET = 16.4;
				MTL_ENABLE_DEBUG_INFO = INCLUDE_SOURCE;
				MTL_FAST_MATH = YES;
				ONLY_ACTIVE_ARCH = YES;
				SDKROOT = iphoneos;
				SWIFT_ACTIVE_COMPILATION_CONDITIONS = DEBUG;
				SWIFT_OPTIMIZATION_LEVEL = "-Onone";
			};
			name = Debug;
		};
		49FA0F142A00CDE80045EDFF /* Release */ = {
			isa = XCBuildConfiguration;
			buildSettings = {
				ALWAYS_SEARCH_USER_PATHS = NO;
				CLANG_ANALYZER_NONNULL = YES;
				CLANG_ANALYZER_NUMBER_OBJECT_CONVERSION = YES_AGGRESSIVE;
				CLANG_CXX_LANGUAGE_STANDARD = "gnu++20";
				CLANG_ENABLE_MODULES = YES;
				CLANG_ENABLE_OBJC_ARC = YES;
				CLANG_ENABLE_OBJC_WEAK = YES;
				CLANG_WARN_BLOCK_CAPTURE_AUTORELEASING = YES;
				CLANG_WARN_BOOL_CONVERSION = YES;
				CLANG_WARN_COMMA = YES;
				CLANG_WARN_CONSTANT_CONVERSION = YES;
				CLANG_WARN_DEPRECATED_OBJC_IMPLEMENTATIONS = YES;
				CLANG_WARN_DIRECT_OBJC_ISA_USAGE = YES_ERROR;
				CLANG_WARN_DOCUMENTATION_COMMENTS = YES;
				CLANG_WARN_EMPTY_BODY = YES;
				CLANG_WARN_ENUM_CONVERSION = YES;
				CLANG_WARN_INFINITE_RECURSION = YES;
				CLANG_WARN_INT_CONVERSION = YES;
				CLANG_WARN_NON_LITERAL_NULL_CONVERSION = YES;
				CLANG_WARN_OBJC_IMPLICIT_RETAIN_SELF = YES;
				CLANG_WARN_OBJC_LITERAL_CONVERSION = YES;
				CLANG_WARN_OBJC_ROOT_CLASS = YES_ERROR;
				CLANG_WARN_QUOTED_INCLUDE_IN_FRAMEWORK_HEADER = YES;
				CLANG_WARN_RANGE_LOOP_ANALYSIS = YES;
				CLANG_WARN_STRICT_PROTOTYPES = YES;
				CLANG_WARN_SUSPICIOUS_MOVE = YES;
				CLANG_WARN_UNGUARDED_AVAILABILITY = YES_AGGRESSIVE;
				CLANG_WARN_UNREACHABLE_CODE = YES;
				CLANG_WARN__DUPLICATE_METHOD_MATCH = YES;
				COPY_PHASE_STRIP = NO;
				DEBUG_INFORMATION_FORMAT = "dwarf-with-dsym";
				ENABLE_NS_ASSERTIONS = NO;
				ENABLE_STRICT_OBJC_MSGSEND = YES;
				GCC_C_LANGUAGE_STANDARD = gnu11;
				GCC_NO_COMMON_BLOCKS = YES;
				GCC_WARN_64_TO_32_BIT_CONVERSION = YES;
				GCC_WARN_ABOUT_RETURN_TYPE = YES_ERROR;
				GCC_WARN_UNDECLARED_SELECTOR = YES;
				GCC_WARN_UNINITIALIZED_AUTOS = YES_AGGRESSIVE;
				GCC_WARN_UNUSED_FUNCTION = YES;
				GCC_WARN_UNUSED_VARIABLE = YES;
				IPHONEOS_DEPLOYMENT_TARGET = 16.4;
				MTL_ENABLE_DEBUG_INFO = NO;
				MTL_FAST_MATH = YES;
				SDKROOT = iphoneos;
				SWIFT_COMPILATION_MODE = wholemodule;
				SWIFT_OPTIMIZATION_LEVEL = "-O";
				VALIDATE_PRODUCT = YES;
			};
			name = Release;
		};
		49FA0F162A00CDE80045EDFF /* Debug */ = {
			isa = XCBuildConfiguration;
			buildSettings = {
				ASSETCATALOG_COMPILER_APPICON_NAME = AppIcon;
				ASSETCATALOG_COMPILER_GLOBAL_ACCENT_COLOR_NAME = AccentColor;
				CODE_SIGN_STYLE = Automatic;
				CURRENT_PROJECT_VERSION = 1;
				DEVELOPMENT_ASSET_PATHS = "\"CoreDataProject/Preview Content\"";
				DEVELOPMENT_TEAM = X726R6A26M;
				ENABLE_PREVIEWS = YES;
				GENERATE_INFOPLIST_FILE = YES;
				INFOPLIST_KEY_UIApplicationSceneManifest_Generation = YES;
				INFOPLIST_KEY_UIApplicationSupportsIndirectInputEvents = YES;
				INFOPLIST_KEY_UILaunchScreen_Generation = YES;
				INFOPLIST_KEY_UISupportedInterfaceOrientations_iPad = "UIInterfaceOrientationPortrait UIInterfaceOrientationPortraitUpsideDown UIInterfaceOrientationLandscapeLeft UIInterfaceOrientationLandscapeRight";
				INFOPLIST_KEY_UISupportedInterfaceOrientations_iPhone = "UIInterfaceOrientationPortrait UIInterfaceOrientationLandscapeLeft UIInterfaceOrientationLandscapeRight";
				LD_RUNPATH_SEARCH_PATHS = (
					"$(inherited)",
					"@executable_path/Frameworks",
				);
				MARKETING_VERSION = 1.0;
				PRODUCT_BUNDLE_IDENTIFIER = com.stevehong.CoreDataProject;
				PRODUCT_NAME = "$(TARGET_NAME)";
				SWIFT_EMIT_LOC_STRINGS = YES;
				SWIFT_VERSION = 5.0;
				TARGETED_DEVICE_FAMILY = "1,2";
			};
			name = Debug;
		};
		49FA0F172A00CDE80045EDFF /* Release */ = {
			isa = XCBuildConfiguration;
			buildSettings = {
				ASSETCATALOG_COMPILER_APPICON_NAME = AppIcon;
				ASSETCATALOG_COMPILER_GLOBAL_ACCENT_COLOR_NAME = AccentColor;
				CODE_SIGN_STYLE = Automatic;
				CURRENT_PROJECT_VERSION = 1;
				DEVELOPMENT_ASSET_PATHS = "\"CoreDataProject/Preview Content\"";
				DEVELOPMENT_TEAM = X726R6A26M;
				ENABLE_PREVIEWS = YES;
				GENERATE_INFOPLIST_FILE = YES;
				INFOPLIST_KEY_UIApplicationSceneManifest_Generation = YES;
				INFOPLIST_KEY_UIApplicationSupportsIndirectInputEvents = YES;
				INFOPLIST_KEY_UILaunchScreen_Generation = YES;
				INFOPLIST_KEY_UISupportedInterfaceOrientations_iPad = "UIInterfaceOrientationPortrait UIInterfaceOrientationPortraitUpsideDown UIInterfaceOrientationLandscapeLeft UIInterfaceOrientationLandscapeRight";
				INFOPLIST_KEY_UISupportedInterfaceOrientations_iPhone = "UIInterfaceOrientationPortrait UIInterfaceOrientationLandscapeLeft UIInterfaceOrientationLandscapeRight";
				LD_RUNPATH_SEARCH_PATHS = (
					"$(inherited)",
					"@executable_path/Frameworks",
				);
				MARKETING_VERSION = 1.0;
				PRODUCT_BUNDLE_IDENTIFIER = com.stevehong.CoreDataProject;
				PRODUCT_NAME = "$(TARGET_NAME)";
				SWIFT_EMIT_LOC_STRINGS = YES;
				SWIFT_VERSION = 5.0;
				TARGETED_DEVICE_FAMILY = "1,2";
			};
			name = Release;
		};
/* End XCBuildConfiguration section */

/* Begin XCConfigurationList section */
		49FA0F022A00CDE70045EDFF /* Build configuration list for PBXProject "CoreDataProject" */ = {
			isa = XCConfigurationList;
			buildConfigurations = (
				49FA0F132A00CDE80045EDFF /* Debug */,
				49FA0F142A00CDE80045EDFF /* Release */,
			);
			defaultConfigurationIsVisible = 0;
			defaultConfigurationName = Release;
		};
		49FA0F152A00CDE80045EDFF /* Build configuration list for PBXNativeTarget "CoreDataProject" */ = {
			isa = XCConfigurationList;
			buildConfigurations = (
				49FA0F162A00CDE80045EDFF /* Debug */,
				49FA0F172A00CDE80045EDFF /* Release */,
			);
			defaultConfigurationIsVisible = 0;
			defaultConfigurationName = Release;
		};
/* End XCConfigurationList section */

/* Begin XCVersionGroup section */
		49FA0F1A2A00CEAA0045EDFF /* CoreDataProject.xcdatamodeld */ = {
			isa = XCVersionGroup;
			children = (
				49FA0F1B2A00CEAA0045EDFF /* CoreDataProject.xcdatamodel */,
			);
			currentVersion = 49FA0F1B2A00CEAA0045EDFF /* CoreDataProject.xcdatamodel */;
			path = CoreDataProject.xcdatamodeld;
			sourceTree = "<group>";
			versionGroupType = wrapper.xcdatamodel;
		};
/* End XCVersionGroup section */
	};
	rootObject = 49FA0EFF2A00CDE70045EDFF /* Project object */;
}
